
Microsoft Visual Studio Solution File, Format Version 12.00
# Visual Studio Version 17
VisualStudioVersion = 17.0.31903.59
MinimumVisualStudioVersion = 10.0.40219.1
Project("{FAE04EC0-301F-11D3-BF4B-00C04F79EFBC}") = "FakeAuthServer", "FakeAuthServer\FakeAuthServer.csproj", "{649D9688-A916-419C-8991-1C5B8EE5DCE9}"
EndProject
Project("{FAE04EC0-301F-11D3-BF4B-00C04F79EFBC}") = "ReportsServer", "ReportsServer\ReportsServer.csproj", "{79881D54-CA5F-4D57-A302-574E0857DCCD}"
EndProject
Project("{FAE04EC0-301F-11D3-BF4B-00C04F79EFBC}") = "StepUpClient", "StepUpClient\StepUpClient.csproj", "{7345F327-C571-4A4E-B20C-DAB06A12F2EA}"
EndProject
Global
	GlobalSection(SolutionConfigurationPlatforms) = preSolution
		Debug|Any CPU = Debug|Any CPU
		Debug|x64 = Debug|x64
		Debug|x86 = Debug|x86
		Release|Any CPU = Release|Any CPU
		Release|x64 = Release|x64
		Release|x86 = Release|x86
	EndGlobalSection
	GlobalSection(ProjectConfigurationPlatforms) = postSolution
		{649D9688-A916-419C-8991-1C5B8EE5DCE9}.Debug|Any CPU.ActiveCfg = Debug|Any CPU
		{649D9688-A916-419C-8991-1C5B8EE5DCE9}.Debug|Any CPU.Build.0 = Debug|Any CPU
		{649D9688-A916-419C-8991-1C5B8EE5DCE9}.Debug|x64.ActiveCfg = Debug|Any CPU
		{649D9688-A916-419C-8991-1C5B8EE5DCE9}.Debug|x64.Build.0 = Debug|Any CPU
		{649D9688-A916-419C-8991-1C5B8EE5DCE9}.Debug|x86.ActiveCfg = Debug|Any CPU
		{649D9688-A916-419C-8991-1C5B8EE5DCE9}.Debug|x86.Build.0 = Debug|Any CPU
		{649D9688-A916-419C-8991-1C5B8EE5DCE9}.Release|Any CPU.ActiveCfg = Release|Any CPU
		{649D9688-A916-419C-8991-1C5B8EE5DCE9}.Release|Any CPU.Build.0 = Release|Any CPU
		{649D9688-A916-419C-8991-1C5B8EE5DCE9}.Release|x64.ActiveCfg = Release|Any CPU
		{649D9688-A916-419C-8991-1C5B8EE5DCE9}.Release|x64.Build.0 = Release|Any CPU
		{649D9688-A916-419C-8991-1C5B8EE5DCE9}.Release|x86.ActiveCfg = Release|Any CPU
		{649D9688-A916-419C-8991-1C5B8EE5DCE9}.Release|x86.Build.0 = Release|Any CPU
		{79881D54-CA5F-4D57-A302-574E0857DCCD}.Debug|Any CPU.ActiveCfg = Debug|Any CPU
		{79881D54-CA5F-4D57-A302-574E0857DCCD}.Debug|Any CPU.Build.0 = Debug|Any CPU
		{79881D54-CA5F-4D57-A302-574E0857DCCD}.Debug|x64.ActiveCfg = Debug|Any CPU
		{79881D54-CA5F-4D57-A302-574E0857DCCD}.Debug|x64.Build.0 = Debug|Any CPU
		{79881D54-CA5F-4D57-A302-574E0857DCCD}.Debug|x86.ActiveCfg = Debug|Any CPU
		{79881D54-CA5F-4D57-A302-574E0857DCCD}.Debug|x86.Build.0 = Debug|Any CPU
		{79881D54-CA5F-4D57-A302-574E0857DCCD}.Release|Any CPU.ActiveCfg = Release|Any CPU
		{79881D54-CA5F-4D57-A302-574E0857DCCD}.Release|Any CPU.Build.0 = Release|Any CPU
		{79881D54-CA5F-4D57-A302-574E0857DCCD}.Release|x64.ActiveCfg = Release|Any CPU
		{79881D54-CA5F-4D57-A302-574E0857DCCD}.Release|x64.Build.0 = Release|Any CPU
		{79881D54-CA5F-4D57-A302-574E0857DCCD}.Release|x86.ActiveCfg = Release|Any CPU
		{79881D54-CA5F-4D57-A302-574E0857DCCD}.Release|x86.Build.0 = Release|Any CPU
		{7345F327-C571-4A4E-B20C-DAB06A12F2EA}.Debug|Any CPU.ActiveCfg = Debug|Any CPU
		{7345F327-C571-4A4E-B20C-DAB06A12F2EA}.Debug|Any CPU.Build.0 = Debug|Any CPU
		{7345F327-C571-4A4E-B20C-DAB06A12F2EA}.Debug|x64.ActiveCfg = Debug|Any CPU
		{7345F327-C571-4A4E-B20C-DAB06A12F2EA}.Debug|x64.Build.0 = Debug|Any CPU
		{7345F327-C571-4A4E-B20C-DAB06A12F2EA}.Debug|x86.ActiveCfg = Debug|Any CPU
		{7345F327-C571-4A4E-B20C-DAB06A12F2EA}.Debug|x86.Build.0 = Debug|Any CPU
		{7345F327-C571-4A4E-B20C-DAB06A12F2EA}.Release|Any CPU.ActiveCfg = Release|Any CPU
		{7345F327-C571-4A4E-B20C-DAB06A12F2EA}.Release|Any CPU.Build.0 = Release|Any CPU
		{7345F327-C571-4A4E-B20C-DAB06A12F2EA}.Release|x64.ActiveCfg = Release|Any CPU
		{7345F327-C571-4A4E-B20C-DAB06A12F2EA}.Release|x64.Build.0 = Release|Any CPU
		{7345F327-C571-4A4E-B20C-DAB06A12F2EA}.Release|x86.ActiveCfg = Release|Any CPU
		{7345F327-C571-4A4E-B20C-DAB06A12F2EA}.Release|x86.Build.0 = Release|Any CPU
	EndGlobalSection
	GlobalSection(SolutionProperties) = preSolution
		HideSolutionNode = FALSE
	EndGlobalSection
EndGlobal
